[{<<"cowboy">>,
  {git,"git://github.com/extend/cowboy.git",
       {ref,"db52494371ea249f38d51108c7d79cf487ff6374"}},
  1},
 {<<"cowlib">>,
  {git,"git://github.com/extend/cowlib.git",
       {ref,"63298e8e160031a70efff86a1acde7e7db1fcda6"}},
  2},
 {<<"goldrush">>,
  {git,"https://github.com/basho/goldrush.git",
       {ref,"8f1b715d36b650ec1e1f5612c00e28af6ab0de82"}},
  1},
 {<<"hamcrest">>,
  {git,"https://github.com/basho/hamcrest-erlang.git",
       {ref,"98bc7aa19ea081478c816824aa05fc5a48acae66"}},
  2},
 {<<"jiffy">>,
  {git,"git://github.com/davisp/jiffy.git",
       {ref,"d16a4fd968e000b65e4678cccfad68d7a0a8bd1c"}},
  1},
 {<<"lager">>,
  {git,"git://github.com/basho/lager.git",
       {ref,"81eaef0ce98fdbf64ab95665e3bc2ec4b24c7dac"}},
  0},
 {<<"leptus">>,
  {git,"git://github.com/s1n4/leptus.git",
       {ref,"24c503663c6f2e984db911433c5395bff41baeb9"}},
  0},
 {<<"msgpack">>,
  {git,"git://github.com/msgpack/msgpack-erlang.git",
       {ref,"b8040f622112562467707178ad2e1ac66b6f5ed5"}},
  1},
 {<<"protobuffs">>,
  {git,"https://github.com/basho/erlang_protobuffs.git",
       {ref,"0dde9d3b37b7bec3a4dfb0e87684dd7039e169ab"}},
  2},
 {<<"ranch">>,
  {git,"git://github.com/extend/ranch.git",
       {ref,"5df1f222f94e08abdcab7084f5e13027143cc222"}},
  2},
 {<<"riak_pb">>,
  {git,"git://github.com/basho/riak_pb",
       {ref,"af2dee42d8b4d12bacfdd627639b5d125bf642ba"}},
  1},
 {<<"riakc">>,
  {git,"git://github.com/basho/riak-erlang-client.git",
       {ref,"960cc6669b6c98e63b7f2fa8e0f596eac660d084"}},
  0}].
